// !$*UTF8*$!
{
	archiveVersion = 1;
	classes = {
	};
	objectVersion = 48;
	objects = {

/* Begin PBXBuildFile section */
		017A2A0CD757F5DEDA7FFF73 /* Pods_PowerPlant.framework in Frameworks */ = {isa = PBXBuildFile; fileRef = 7A545CA614D9451F266F4A41 /* Pods_PowerPlant.framework */; };
		1EF1D8521FCB68C2007F1170 /* GoogleService-Info.plist in Resources */ = {isa = PBXBuildFile; fileRef = 1EF1D8511FCB68C2007F1170 /* GoogleService-Info.plist */; };
		24E74237927B1B61152173E0 /* Pods_PowerPlantUITests.framework in Frameworks */ = {isa = PBXBuildFile; fileRef = 9B779B0C9411D7FEBF0D3666 /* Pods_PowerPlantUITests.framework */; };
		79B14D3A1C9C1A8EAA049F90 /* Pods_PowerPlantTests.framework in Frameworks */ = {isa = PBXBuildFile; fileRef = FF467216D1EA48AC74436291 /* Pods_PowerPlantTests.framework */; };
		CE333A691FBA678B0007AB99 /* AppDelegate.swift in Sources */ = {isa = PBXBuildFile; fileRef = CE333A681FBA678B0007AB99 /* AppDelegate.swift */; };
		CE333A6B1FBA678B0007AB99 /* ViewController.swift in Sources */ = {isa = PBXBuildFile; fileRef = CE333A6A1FBA678B0007AB99 /* ViewController.swift */; };
		CE333A6E1FBA678B0007AB99 /* Main.storyboard in Resources */ = {isa = PBXBuildFile; fileRef = CE333A6C1FBA678B0007AB99 /* Main.storyboard */; };
		CE333A701FBA678B0007AB99 /* Assets.xcassets in Resources */ = {isa = PBXBuildFile; fileRef = CE333A6F1FBA678B0007AB99 /* Assets.xcassets */; };
		CE333A731FBA678B0007AB99 /* LaunchScreen.storyboard in Resources */ = {isa = PBXBuildFile; fileRef = CE333A711FBA678B0007AB99 /* LaunchScreen.storyboard */; };
		CE333A7E1FBA678B0007AB99 /* PowerPlantTests.swift in Sources */ = {isa = PBXBuildFile; fileRef = CE333A7D1FBA678B0007AB99 /* PowerPlantTests.swift */; };
		CE333A891FBA678C0007AB99 /* PowerPlantUITests.swift in Sources */ = {isa = PBXBuildFile; fileRef = CE333A881FBA678C0007AB99 /* PowerPlantUITests.swift */; };
		CE774B751FCCADFF001B2DEE /* DashboardViewController.swift in Sources */ = {isa = PBXBuildFile; fileRef = CE774B741FCCADFF001B2DEE /* DashboardViewController.swift */; };
		CE9ABDDB1FBB517F008CC575 /* PlantTableView.swift in Sources */ = {isa = PBXBuildFile; fileRef = CE9ABDDA1FBB517F008CC575 /* PlantTableView.swift */; };
		CE9ABDDD1FBB51C5008CC575 /* PlantCell.swift in Sources */ = {isa = PBXBuildFile; fileRef = CE9ABDDC1FBB51C5008CC575 /* PlantCell.swift */; };
		CE9ABDDF1FBB7ADD008CC575 /* Plant.swift in Sources */ = {isa = PBXBuildFile; fileRef = CE9ABDDE1FBB7ADD008CC575 /* Plant.swift */; };
		CE9ABDE11FBB7CAD008CC575 /* FirebaseHelper.swift in Sources */ = {isa = PBXBuildFile; fileRef = CE9ABDE01FBB7CAD008CC575 /* FirebaseHelper.swift */; };
		CE9ABDE31FBB86BC008CC575 /* DetailsViewController.swift in Sources */ = {isa = PBXBuildFile; fileRef = CE9ABDE21FBB86BC008CC575 /* DetailsViewController.swift */; };
/* End PBXBuildFile section */

/* Begin PBXContainerItemProxy section */
		CE333A7A1FBA678B0007AB99 /* PBXContainerItemProxy */ = {
			isa = PBXContainerItemProxy;
			containerPortal = CE333A5D1FBA678B0007AB99 /* Project object */;
			proxyType = 1;
			remoteGlobalIDString = CE333A641FBA678B0007AB99;
			remoteInfo = PowerPlant;
		};
		CE333A851FBA678C0007AB99 /* PBXContainerItemProxy */ = {
			isa = PBXContainerItemProxy;
			containerPortal = CE333A5D1FBA678B0007AB99 /* Project object */;
			proxyType = 1;
			remoteGlobalIDString = CE333A641FBA678B0007AB99;
			remoteInfo = PowerPlant;
		};
/* End PBXContainerItemProxy section */

/* Begin PBXFileReference section */
		1EF1D8511FCB68C2007F1170 /* GoogleService-Info.plist */ = {isa = PBXFileReference; fileEncoding = 4; lastKnownFileType = text.plist.xml; path = "GoogleService-Info.plist"; sourceTree = "<group>"; };
		396B00DF80E48CA8628CEFA6 /* Pods-PowerPlant.release.xcconfig */ = {isa = PBXFileReference; includeInIndex = 1; lastKnownFileType = text.xcconfig; name = "Pods-PowerPlant.release.xcconfig"; path = "Pods/Target Support Files/Pods-PowerPlant/Pods-PowerPlant.release.xcconfig"; sourceTree = "<group>"; };
		77997791A4DAA9C13AF1B49F /* Pods-PowerPlant.debug.xcconfig */ = {isa = PBXFileReference; includeInIndex = 1; lastKnownFileType = text.xcconfig; name = "Pods-PowerPlant.debug.xcconfig"; path = "Pods/Target Support Files/Pods-PowerPlant/Pods-PowerPlant.debug.xcconfig"; sourceTree = "<group>"; };
		7A545CA614D9451F266F4A41 /* Pods_PowerPlant.framework */ = {isa = PBXFileReference; explicitFileType = wrapper.framework; includeInIndex = 0; path = Pods_PowerPlant.framework; sourceTree = BUILT_PRODUCTS_DIR; };
		9B779B0C9411D7FEBF0D3666 /* Pods_PowerPlantUITests.framework */ = {isa = PBXFileReference; explicitFileType = wrapper.framework; includeInIndex = 0; path = Pods_PowerPlantUITests.framework; sourceTree = BUILT_PRODUCTS_DIR; };
		B980217F08552B5716686B8D /* Pods-PowerPlantUITests.debug.xcconfig */ = {isa = PBXFileReference; includeInIndex = 1; lastKnownFileType = text.xcconfig; name = "Pods-PowerPlantUITests.debug.xcconfig"; path = "Pods/Target Support Files/Pods-PowerPlantUITests/Pods-PowerPlantUITests.debug.xcconfig"; sourceTree = "<group>"; };
		CE333A651FBA678B0007AB99 /* PowerPlant.app */ = {isa = PBXFileReference; explicitFileType = wrapper.application; includeInIndex = 0; path = PowerPlant.app; sourceTree = BUILT_PRODUCTS_DIR; };
		CE333A681FBA678B0007AB99 /* AppDelegate.swift */ = {isa = PBXFileReference; lastKnownFileType = sourcecode.swift; path = AppDelegate.swift; sourceTree = "<group>"; };
		CE333A6A1FBA678B0007AB99 /* ViewController.swift */ = {isa = PBXFileReference; lastKnownFileType = sourcecode.swift; path = ViewController.swift; sourceTree = "<group>"; };
		CE333A6D1FBA678B0007AB99 /* Base */ = {isa = PBXFileReference; lastKnownFileType = file.storyboard; name = Base; path = Base.lproj/Main.storyboard; sourceTree = "<group>"; };
		CE333A6F1FBA678B0007AB99 /* Assets.xcassets */ = {isa = PBXFileReference; lastKnownFileType = folder.assetcatalog; path = Assets.xcassets; sourceTree = "<group>"; };
		CE333A721FBA678B0007AB99 /* Base */ = {isa = PBXFileReference; lastKnownFileType = file.storyboard; name = Base; path = Base.lproj/LaunchScreen.storyboard; sourceTree = "<group>"; };
		CE333A741FBA678B0007AB99 /* Info.plist */ = {isa = PBXFileReference; lastKnownFileType = text.plist.xml; path = Info.plist; sourceTree = "<group>"; };
		CE333A791FBA678B0007AB99 /* PowerPlantTests.xctest */ = {isa = PBXFileReference; explicitFileType = wrapper.cfbundle; includeInIndex = 0; path = PowerPlantTests.xctest; sourceTree = BUILT_PRODUCTS_DIR; };
		CE333A7D1FBA678B0007AB99 /* PowerPlantTests.swift */ = {isa = PBXFileReference; lastKnownFileType = sourcecode.swift; path = PowerPlantTests.swift; sourceTree = "<group>"; };
		CE333A7F1FBA678B0007AB99 /* Info.plist */ = {isa = PBXFileReference; lastKnownFileType = text.plist.xml; path = Info.plist; sourceTree = "<group>"; };
		CE333A841FBA678C0007AB99 /* PowerPlantUITests.xctest */ = {isa = PBXFileReference; explicitFileType = wrapper.cfbundle; includeInIndex = 0; path = PowerPlantUITests.xctest; sourceTree = BUILT_PRODUCTS_DIR; };
		CE333A881FBA678C0007AB99 /* PowerPlantUITests.swift */ = {isa = PBXFileReference; lastKnownFileType = sourcecode.swift; path = PowerPlantUITests.swift; sourceTree = "<group>"; };
		CE333A8A1FBA678C0007AB99 /* Info.plist */ = {isa = PBXFileReference; lastKnownFileType = text.plist.xml; path = Info.plist; sourceTree = "<group>"; };
		CE774B741FCCADFF001B2DEE /* DashboardViewController.swift */ = {isa = PBXFileReference; fileEncoding = 4; lastKnownFileType = sourcecode.swift; path = DashboardViewController.swift; sourceTree = "<group>"; };
		CE9ABDDA1FBB517F008CC575 /* PlantTableView.swift */ = {isa = PBXFileReference; lastKnownFileType = sourcecode.swift; path = PlantTableView.swift; sourceTree = "<group>"; };
		CE9ABDDC1FBB51C5008CC575 /* PlantCell.swift */ = {isa = PBXFileReference; lastKnownFileType = sourcecode.swift; path = PlantCell.swift; sourceTree = "<group>"; };
		CE9ABDDE1FBB7ADD008CC575 /* Plant.swift */ = {isa = PBXFileReference; lastKnownFileType = sourcecode.swift; path = Plant.swift; sourceTree = "<group>"; };
		CE9ABDE01FBB7CAD008CC575 /* FirebaseHelper.swift */ = {isa = PBXFileReference; lastKnownFileType = sourcecode.swift; path = FirebaseHelper.swift; sourceTree = "<group>"; };
		CE9ABDE21FBB86BC008CC575 /* DetailsViewController.swift */ = {isa = PBXFileReference; lastKnownFileType = sourcecode.swift; path = DetailsViewController.swift; sourceTree = "<group>"; };
		D4DEF2CC35231AC86E2EE1FB /* Pods-PowerPlantTests.release.xcconfig */ = {isa = PBXFileReference; includeInIndex = 1; lastKnownFileType = text.xcconfig; name = "Pods-PowerPlantTests.release.xcconfig"; path = "Pods/Target Support Files/Pods-PowerPlantTests/Pods-PowerPlantTests.release.xcconfig"; sourceTree = "<group>"; };
		DECDCC2B4E116C112B0E0FF2 /* Pods-PowerPlantUITests.release.xcconfig */ = {isa = PBXFileReference; includeInIndex = 1; lastKnownFileType = text.xcconfig; name = "Pods-PowerPlantUITests.release.xcconfig"; path = "Pods/Target Support Files/Pods-PowerPlantUITests/Pods-PowerPlantUITests.release.xcconfig"; sourceTree = "<group>"; };
		F1FFF7967F04C897F3FB6721 /* Pods-PowerPlantTests.debug.xcconfig */ = {isa = PBXFileReference; includeInIndex = 1; lastKnownFileType = text.xcconfig; name = "Pods-PowerPlantTests.debug.xcconfig"; path = "Pods/Target Support Files/Pods-PowerPlantTests/Pods-PowerPlantTests.debug.xcconfig"; sourceTree = "<group>"; };
		FF467216D1EA48AC74436291 /* Pods_PowerPlantTests.framework */ = {isa = PBXFileReference; explicitFileType = wrapper.framework; includeInIndex = 0; path = Pods_PowerPlantTests.framework; sourceTree = BUILT_PRODUCTS_DIR; };
/* End PBXFileReference section */

/* Begin PBXFrameworksBuildPhase section */
		CE333A621FBA678B0007AB99 /* Frameworks */ = {
			isa = PBXFrameworksBuildPhase;
			buildActionMask = 2147483647;
			files = (
				017A2A0CD757F5DEDA7FFF73 /* Pods_PowerPlant.framework in Frameworks */,
			);
			runOnlyForDeploymentPostprocessing = 0;
		};
		CE333A761FBA678B0007AB99 /* Frameworks */ = {
			isa = PBXFrameworksBuildPhase;
			buildActionMask = 2147483647;
			files = (
				79B14D3A1C9C1A8EAA049F90 /* Pods_PowerPlantTests.framework in Frameworks */,
			);
			runOnlyForDeploymentPostprocessing = 0;
		};
		CE333A811FBA678C0007AB99 /* Frameworks */ = {
			isa = PBXFrameworksBuildPhase;
			buildActionMask = 2147483647;
			files = (
				24E74237927B1B61152173E0 /* Pods_PowerPlantUITests.framework in Frameworks */,
			);
			runOnlyForDeploymentPostprocessing = 0;
		};
/* End PBXFrameworksBuildPhase section */

/* Begin PBXGroup section */
		33EAE1E111E28F2513A871CF /* Pods */ = {
			isa = PBXGroup;
			children = (
				77997791A4DAA9C13AF1B49F /* Pods-PowerPlant.debug.xcconfig */,
				396B00DF80E48CA8628CEFA6 /* Pods-PowerPlant.release.xcconfig */,
				F1FFF7967F04C897F3FB6721 /* Pods-PowerPlantTests.debug.xcconfig */,
				D4DEF2CC35231AC86E2EE1FB /* Pods-PowerPlantTests.release.xcconfig */,
				B980217F08552B5716686B8D /* Pods-PowerPlantUITests.debug.xcconfig */,
				DECDCC2B4E116C112B0E0FF2 /* Pods-PowerPlantUITests.release.xcconfig */,
			);
			name = Pods;
			sourceTree = "<group>";
		};
		C7BE45E2422606931D227DE9 /* Frameworks */ = {
			isa = PBXGroup;
			children = (
				7A545CA614D9451F266F4A41 /* Pods_PowerPlant.framework */,
				FF467216D1EA48AC74436291 /* Pods_PowerPlantTests.framework */,
				9B779B0C9411D7FEBF0D3666 /* Pods_PowerPlantUITests.framework */,
			);
			name = Frameworks;
			sourceTree = "<group>";
		};
		CE333A5C1FBA678B0007AB99 = {
			isa = PBXGroup;
			children = (
				CE333A671FBA678B0007AB99 /* PowerPlant */,
				CE333A7C1FBA678B0007AB99 /* PowerPlantTests */,
				CE333A871FBA678C0007AB99 /* PowerPlantUITests */,
				CE333A661FBA678B0007AB99 /* Products */,
				33EAE1E111E28F2513A871CF /* Pods */,
				C7BE45E2422606931D227DE9 /* Frameworks */,
			);
			sourceTree = "<group>";
		};
		CE333A661FBA678B0007AB99 /* Products */ = {
			isa = PBXGroup;
			children = (
				CE333A651FBA678B0007AB99 /* PowerPlant.app */,
				CE333A791FBA678B0007AB99 /* PowerPlantTests.xctest */,
				CE333A841FBA678C0007AB99 /* PowerPlantUITests.xctest */,
			);
			name = Products;
			sourceTree = "<group>";
		};
		CE333A671FBA678B0007AB99 /* PowerPlant */ = {
			isa = PBXGroup;
			children = (
				CE333A681FBA678B0007AB99 /* AppDelegate.swift */,
				CE9ABDE01FBB7CAD008CC575 /* FirebaseHelper.swift */,
				CE333A6A1FBA678B0007AB99 /* ViewController.swift */,
				CE9ABDDA1FBB517F008CC575 /* PlantTableView.swift */,
				CE9ABDDE1FBB7ADD008CC575 /* Plant.swift */,
				1EF1D8511FCB68C2007F1170 /* GoogleService-Info.plist */,
				CE9ABDDC1FBB51C5008CC575 /* PlantCell.swift */,
				CE9ABDE21FBB86BC008CC575 /* DetailsViewController.swift */,
				CE333A6C1FBA678B0007AB99 /* Main.storyboard */,
				CE774B741FCCADFF001B2DEE /* DashboardViewController.swift */,
				CE333A6F1FBA678B0007AB99 /* Assets.xcassets */,
				CE333A711FBA678B0007AB99 /* LaunchScreen.storyboard */,
				CE333A741FBA678B0007AB99 /* Info.plist */,
			);
			path = PowerPlant;
			sourceTree = "<group>";
		};
		CE333A7C1FBA678B0007AB99 /* PowerPlantTests */ = {
			isa = PBXGroup;
			children = (
				CE333A7D1FBA678B0007AB99 /* PowerPlantTests.swift */,
				CE333A7F1FBA678B0007AB99 /* Info.plist */,
			);
			path = PowerPlantTests;
			sourceTree = "<group>";
		};
		CE333A871FBA678C0007AB99 /* PowerPlantUITests */ = {
			isa = PBXGroup;
			children = (
				CE333A881FBA678C0007AB99 /* PowerPlantUITests.swift */,
				CE333A8A1FBA678C0007AB99 /* Info.plist */,
			);
			path = PowerPlantUITests;
			sourceTree = "<group>";
		};
/* End PBXGroup section */

/* Begin PBXNativeTarget section */
		CE333A641FBA678B0007AB99 /* PowerPlant */ = {
			isa = PBXNativeTarget;
			buildConfigurationList = CE333A8D1FBA678C0007AB99 /* Build configuration list for PBXNativeTarget "PowerPlant" */;
			buildPhases = (
				8F33B61865CB8F0D0CEA0A32 /* [CP] Check Pods Manifest.lock */,
				CE333A611FBA678B0007AB99 /* Sources */,
				CE333A621FBA678B0007AB99 /* Frameworks */,
				CE333A631FBA678B0007AB99 /* Resources */,
				FF2DF24D8816D0C72F87AA64 /* [CP] Embed Pods Frameworks */,
				21BBD905FDC6D867B9EAEE28 /* [CP] Copy Pods Resources */,
			);
			buildRules = (
			);
			dependencies = (
			);
			name = PowerPlant;
			productName = PowerPlant;
			productReference = CE333A651FBA678B0007AB99 /* PowerPlant.app */;
			productType = "com.apple.product-type.application";
		};
		CE333A781FBA678B0007AB99 /* PowerPlantTests */ = {
			isa = PBXNativeTarget;
			buildConfigurationList = CE333A901FBA678C0007AB99 /* Build configuration list for PBXNativeTarget "PowerPlantTests" */;
			buildPhases = (
				81F79C09745EBC8F78AFD757 /* [CP] Check Pods Manifest.lock */,
				CE333A751FBA678B0007AB99 /* Sources */,
				CE333A761FBA678B0007AB99 /* Frameworks */,
				CE333A771FBA678B0007AB99 /* Resources */,
				7CEC4F1C88921EE3A32CFE9D /* [CP] Embed Pods Frameworks */,
				70FF93570C0987625E2D70C4 /* [CP] Copy Pods Resources */,
			);
			buildRules = (
			);
			dependencies = (
				CE333A7B1FBA678B0007AB99 /* PBXTargetDependency */,
			);
			name = PowerPlantTests;
			productName = PowerPlantTests;
			productReference = CE333A791FBA678B0007AB99 /* PowerPlantTests.xctest */;
			productType = "com.apple.product-type.bundle.unit-test";
		};
		CE333A831FBA678C0007AB99 /* PowerPlantUITests */ = {
			isa = PBXNativeTarget;
			buildConfigurationList = CE333A931FBA678C0007AB99 /* Build configuration list for PBXNativeTarget "PowerPlantUITests" */;
			buildPhases = (
				60FB572BB855E0A35B8B6C10 /* [CP] Check Pods Manifest.lock */,
				CE333A801FBA678C0007AB99 /* Sources */,
				CE333A811FBA678C0007AB99 /* Frameworks */,
				CE333A821FBA678C0007AB99 /* Resources */,
				60CACD66B986697E0C514FD3 /* [CP] Embed Pods Frameworks */,
				2580E0F37ABAAA915FCEA9BE /* [CP] Copy Pods Resources */,
			);
			buildRules = (
			);
			dependencies = (
				CE333A861FBA678C0007AB99 /* PBXTargetDependency */,
			);
			name = PowerPlantUITests;
			productName = PowerPlantUITests;
			productReference = CE333A841FBA678C0007AB99 /* PowerPlantUITests.xctest */;
			productType = "com.apple.product-type.bundle.ui-testing";
		};
/* End PBXNativeTarget section */

/* Begin PBXProject section */
		CE333A5D1FBA678B0007AB99 /* Project object */ = {
			isa = PBXProject;
			attributes = {
				LastSwiftUpdateCheck = 0900;
				LastUpgradeCheck = 0900;
				ORGANIZATIONNAME = PowerPlantTeam;
				TargetAttributes = {
					CE333A641FBA678B0007AB99 = {
						CreatedOnToolsVersion = 9.0;
						ProvisioningStyle = Automatic;
					};
					CE333A781FBA678B0007AB99 = {
						CreatedOnToolsVersion = 9.0;
						ProvisioningStyle = Automatic;
						TestTargetID = CE333A641FBA678B0007AB99;
					};
					CE333A831FBA678C0007AB99 = {
						CreatedOnToolsVersion = 9.0;
						ProvisioningStyle = Automatic;
						TestTargetID = CE333A641FBA678B0007AB99;
					};
				};
			};
			buildConfigurationList = CE333A601FBA678B0007AB99 /* Build configuration list for PBXProject "PowerPlant" */;
			compatibilityVersion = "Xcode 8.0";
			developmentRegion = en;
			hasScannedForEncodings = 0;
			knownRegions = (
				en,
				Base,
			);
			mainGroup = CE333A5C1FBA678B0007AB99;
			productRefGroup = CE333A661FBA678B0007AB99 /* Products */;
			projectDirPath = "";
			projectRoot = "";
			targets = (
				CE333A641FBA678B0007AB99 /* PowerPlant */,
				CE333A781FBA678B0007AB99 /* PowerPlantTests */,
				CE333A831FBA678C0007AB99 /* PowerPlantUITests */,
			);
		};
/* End PBXProject section */

/* Begin PBXResourcesBuildPhase section */
		CE333A631FBA678B0007AB99 /* Resources */ = {
			isa = PBXResourcesBuildPhase;
			buildActionMask = 2147483647;
			files = (
				CE333A731FBA678B0007AB99 /* LaunchScreen.storyboard in Resources */,
				CE333A701FBA678B0007AB99 /* Assets.xcassets in Resources */,
				1EF1D8521FCB68C2007F1170 /* GoogleService-Info.plist in Resources */,
				CE333A6E1FBA678B0007AB99 /* Main.storyboard in Resources */,
			);
			runOnlyForDeploymentPostprocessing = 0;
		};
		CE333A771FBA678B0007AB99 /* Resources */ = {
			isa = PBXResourcesBuildPhase;
			buildActionMask = 2147483647;
			files = (
			);
			runOnlyForDeploymentPostprocessing = 0;
		};
		CE333A821FBA678C0007AB99 /* Resources */ = {
			isa = PBXResourcesBuildPhase;
			buildActionMask = 2147483647;
			files = (
			);
			runOnlyForDeploymentPostprocessing = 0;
		};
/* End PBXResourcesBuildPhase section */

/* Begin PBXShellScriptBuildPhase section */
		21BBD905FDC6D867B9EAEE28 /* [CP] Copy Pods Resources */ = {
			isa = PBXShellScriptBuildPhase;
			buildActionMask = 2147483647;
			files = (
			);
			inputPaths = (
			);
			name = "[CP] Copy Pods Resources";
			outputPaths = (
			);
			runOnlyForDeploymentPostprocessing = 0;
			shellPath = /bin/sh;
			shellScript = "\"${SRCROOT}/Pods/Target Support Files/Pods-PowerPlant/Pods-PowerPlant-resources.sh\"\n";
			showEnvVarsInLog = 0;
		};
		2580E0F37ABAAA915FCEA9BE /* [CP] Copy Pods Resources */ = {
			isa = PBXShellScriptBuildPhase;
			buildActionMask = 2147483647;
			files = (
			);
			inputPaths = (
			);
			name = "[CP] Copy Pods Resources";
			outputPaths = (
			);
			runOnlyForDeploymentPostprocessing = 0;
			shellPath = /bin/sh;
			shellScript = "\"${SRCROOT}/Pods/Target Support Files/Pods-PowerPlantUITests/Pods-PowerPlantUITests-resources.sh\"\n";
			showEnvVarsInLog = 0;
		};
		60CACD66B986697E0C514FD3 /* [CP] Embed Pods Frameworks */ = {
			isa = PBXShellScriptBuildPhase;
			buildActionMask = 2147483647;
			files = (
			);
			inputPaths = (
			);
			name = "[CP] Embed Pods Frameworks";
			outputPaths = (
			);
			runOnlyForDeploymentPostprocessing = 0;
			shellPath = /bin/sh;
			shellScript = "\"${SRCROOT}/Pods/Target Support Files/Pods-PowerPlantUITests/Pods-PowerPlantUITests-frameworks.sh\"\n";
			showEnvVarsInLog = 0;
		};
		60FB572BB855E0A35B8B6C10 /* [CP] Check Pods Manifest.lock */ = {
			isa = PBXShellScriptBuildPhase;
			buildActionMask = 2147483647;
			files = (
			);
			inputPaths = (
				"${PODS_PODFILE_DIR_PATH}/Podfile.lock",
				"${PODS_ROOT}/Manifest.lock",
			);
			name = "[CP] Check Pods Manifest.lock";
			outputPaths = (
				"$(DERIVED_FILE_DIR)/Pods-PowerPlantUITests-checkManifestLockResult.txt",
			);
			runOnlyForDeploymentPostprocessing = 0;
			shellPath = /bin/sh;
			shellScript = "diff \"${PODS_PODFILE_DIR_PATH}/Podfile.lock\" \"${PODS_ROOT}/Manifest.lock\" > /dev/null\nif [ $? != 0 ] ; then\n    # print error to STDERR\n    echo \"error: The sandbox is not in sync with the Podfile.lock. Run 'pod install' or update your CocoaPods installation.\" >&2\n    exit 1\nfi\n# This output is used by Xcode 'outputs' to avoid re-running this script phase.\necho \"SUCCESS\" > \"${SCRIPT_OUTPUT_FILE_0}\"\n";
			showEnvVarsInLog = 0;
		};
		70FF93570C0987625E2D70C4 /* [CP] Copy Pods Resources */ = {
			isa = PBXShellScriptBuildPhase;
			buildActionMask = 2147483647;
			files = (
			);
			inputPaths = (
			);
			name = "[CP] Copy Pods Resources";
			outputPaths = (
			);
			runOnlyForDeploymentPostprocessing = 0;
			shellPath = /bin/sh;
			shellScript = "\"${SRCROOT}/Pods/Target Support Files/Pods-PowerPlantTests/Pods-PowerPlantTests-resources.sh\"\n";
			showEnvVarsInLog = 0;
		};
		7CEC4F1C88921EE3A32CFE9D /* [CP] Embed Pods Frameworks */ = {
			isa = PBXShellScriptBuildPhase;
			buildActionMask = 2147483647;
			files = (
			);
			inputPaths = (
			);
			name = "[CP] Embed Pods Frameworks";
			outputPaths = (
			);
			runOnlyForDeploymentPostprocessing = 0;
			shellPath = /bin/sh;
			shellScript = "\"${SRCROOT}/Pods/Target Support Files/Pods-PowerPlantTests/Pods-PowerPlantTests-frameworks.sh\"\n";
			showEnvVarsInLog = 0;
		};
		81F79C09745EBC8F78AFD757 /* [CP] Check Pods Manifest.lock */ = {
			isa = PBXShellScriptBuildPhase;
			buildActionMask = 2147483647;
			files = (
			);
			inputPaths = (
				"${PODS_PODFILE_DIR_PATH}/Podfile.lock",
				"${PODS_ROOT}/Manifest.lock",
			);
			name = "[CP] Check Pods Manifest.lock";
			outputPaths = (
				"$(DERIVED_FILE_DIR)/Pods-PowerPlantTests-checkManifestLockResult.txt",
			);
			runOnlyForDeploymentPostprocessing = 0;
			shellPath = /bin/sh;
			shellScript = "diff \"${PODS_PODFILE_DIR_PATH}/Podfile.lock\" \"${PODS_ROOT}/Manifest.lock\" > /dev/null\nif [ $? != 0 ] ; then\n    # print error to STDERR\n    echo \"error: The sandbox is not in sync with the Podfile.lock. Run 'pod install' or update your CocoaPods installation.\" >&2\n    exit 1\nfi\n# This output is used by Xcode 'outputs' to avoid re-running this script phase.\necho \"SUCCESS\" > \"${SCRIPT_OUTPUT_FILE_0}\"\n";
			showEnvVarsInLog = 0;
		};
		8F33B61865CB8F0D0CEA0A32 /* [CP] Check Pods Manifest.lock */ = {
			isa = PBXShellScriptBuildPhase;
			buildActionMask = 2147483647;
			files = (
			);
			inputPaths = (
				"${PODS_PODFILE_DIR_PATH}/Podfile.lock",
				"${PODS_ROOT}/Manifest.lock",
			);
			name = "[CP] Check Pods Manifest.lock";
			outputPaths = (
				"$(DERIVED_FILE_DIR)/Pods-PowerPlant-checkManifestLockResult.txt",
			);
			runOnlyForDeploymentPostprocessing = 0;
			shellPath = /bin/sh;
			shellScript = "diff \"${PODS_PODFILE_DIR_PATH}/Podfile.lock\" \"${PODS_ROOT}/Manifest.lock\" > /dev/null\nif [ $? != 0 ] ; then\n    # print error to STDERR\n    echo \"error: The sandbox is not in sync with the Podfile.lock. Run 'pod install' or update your CocoaPods installation.\" >&2\n    exit 1\nfi\n# This output is used by Xcode 'outputs' to avoid re-running this script phase.\necho \"SUCCESS\" > \"${SCRIPT_OUTPUT_FILE_0}\"\n";
			showEnvVarsInLog = 0;
		};
		FF2DF24D8816D0C72F87AA64 /* [CP] Embed Pods Frameworks */ = {
			isa = PBXShellScriptBuildPhase;
			buildActionMask = 2147483647;
			files = (
			);
			inputPaths = (
				"${SRCROOT}/Pods/Target Support Files/Pods-PowerPlant/Pods-PowerPlant-frameworks.sh",
				"${BUILT_PRODUCTS_DIR}/GTMSessionFetcher/GTMSessionFetcher.framework",
				"${BUILT_PRODUCTS_DIR}/GoogleToolboxForMac/GoogleToolboxForMac.framework",
				"${BUILT_PRODUCTS_DIR}/leveldb-library/leveldb.framework",
				"${BUILT_PRODUCTS_DIR}/nanopb/nanopb.framework",
			);
			name = "[CP] Embed Pods Frameworks";
			outputPaths = (
				"${TARGET_BUILD_DIR}/${FRAMEWORKS_FOLDER_PATH}/GTMSessionFetcher.framework",
				"${TARGET_BUILD_DIR}/${FRAMEWORKS_FOLDER_PATH}/GoogleToolboxForMac.framework",
				"${TARGET_BUILD_DIR}/${FRAMEWORKS_FOLDER_PATH}/leveldb.framework",
				"${TARGET_BUILD_DIR}/${FRAMEWORKS_FOLDER_PATH}/nanopb.framework",
			);
			runOnlyForDeploymentPostprocessing = 0;
			shellPath = /bin/sh;
			shellScript = "\"${SRCROOT}/Pods/Target Support Files/Pods-PowerPlant/Pods-PowerPlant-frameworks.sh\"\n";
			showEnvVarsInLog = 0;
		};
/* End PBXShellScriptBuildPhase section */

/* Begin PBXSourcesBuildPhase section */
		CE333A611FBA678B0007AB99 /* Sources */ = {
			isa = PBXSourcesBuildPhase;
			buildActionMask = 2147483647;
			files = (
				CE333A6B1FBA678B0007AB99 /* ViewController.swift in Sources */,
				CE9ABDDD1FBB51C5008CC575 /* PlantCell.swift in Sources */,
				CE9ABDDF1FBB7ADD008CC575 /* Plant.swift in Sources */,
				CE333A691FBA678B0007AB99 /* AppDelegate.swift in Sources */,
				CE9ABDE31FBB86BC008CC575 /* DetailsViewController.swift in Sources */,
				CE9ABDE11FBB7CAD008CC575 /* FirebaseHelper.swift in Sources */,
				CE9ABDDB1FBB517F008CC575 /* PlantTableView.swift in Sources */,
				CE774B751FCCADFF001B2DEE /* DashboardViewController.swift in Sources */,
			);
			runOnlyForDeploymentPostprocessing = 0;
		};
		CE333A751FBA678B0007AB99 /* Sources */ = {
			isa = PBXSourcesBuildPhase;
			buildActionMask = 2147483647;
			files = (
				CE333A7E1FBA678B0007AB99 /* PowerPlantTests.swift in Sources */,
			);
			runOnlyForDeploymentPostprocessing = 0;
		};
		CE333A801FBA678C0007AB99 /* Sources */ = {
			isa = PBXSourcesBuildPhase;
			buildActionMask = 2147483647;
			files = (
				CE333A891FBA678C0007AB99 /* PowerPlantUITests.swift in Sources */,
			);
			runOnlyForDeploymentPostprocessing = 0;
		};
/* End PBXSourcesBuildPhase section */

/* Begin PBXTargetDependency section */
		CE333A7B1FBA678B0007AB99 /* PBXTargetDependency */ = {
			isa = PBXTargetDependency;
			target = CE333A641FBA678B0007AB99 /* PowerPlant */;
			targetProxy = CE333A7A1FBA678B0007AB99 /* PBXContainerItemProxy */;
		};
		CE333A861FBA678C0007AB99 /* PBXTargetDependency */ = {
			isa = PBXTargetDependency;
			target = CE333A641FBA678B0007AB99 /* PowerPlant */;
			targetProxy = CE333A851FBA678C0007AB99 /* PBXContainerItemProxy */;
		};
/* End PBXTargetDependency section */

/* Begin PBXVariantGroup section */
		CE333A6C1FBA678B0007AB99 /* Main.storyboard */ = {
			isa = PBXVariantGroup;
			children = (
				CE333A6D1FBA678B0007AB99 /* Base */,
			);
			name = Main.storyboard;
			sourceTree = "<group>";
		};
		CE333A711FBA678B0007AB99 /* LaunchScreen.storyboard */ = {
			isa = PBXVariantGroup;
			children = (
				CE333A721FBA678B0007AB99 /* Base */,
			);
			name = LaunchScreen.storyboard;
			sourceTree = "<group>";
		};
/* End PBXVariantGroup section */

/* Begin XCBuildConfiguration section */
		CE333A8B1FBA678C0007AB99 /* Debug */ = {
			isa = XCBuildConfiguration;
			buildSettings = {
				ALWAYS_SEARCH_USER_PATHS = NO;
				CLANG_ANALYZER_NONNULL = YES;
				CLANG_ANALYZER_NUMBER_OBJECT_CONVERSION = YES_AGGRESSIVE;
				CLANG_CXX_LANGUAGE_STANDARD = "gnu++14";
				CLANG_CXX_LIBRARY = "libc++";
				CLANG_ENABLE_MODULES = YES;
				CLANG_ENABLE_OBJC_ARC = YES;
				CLANG_WARN_BLOCK_CAPTURE_AUTORELEASING = YES;
				CLANG_WARN_BOOL_CONVERSION = YES;
				CLANG_WARN_COMMA = YES;
				CLANG_WARN_CONSTANT_CONVERSION = YES;
				CLANG_WARN_DIRECT_OBJC_ISA_USAGE = YES_ERROR;
				CLANG_WARN_DOCUMENTATION_COMMENTS = YES;
				CLANG_WARN_EMPTY_BODY = YES;
				CLANG_WARN_ENUM_CONVERSION = YES;
				CLANG_WARN_INFINITE_RECURSION = YES;
				CLANG_WARN_INT_CONVERSION = YES;
				CLANG_WARN_NON_LITERAL_NULL_CONVERSION = YES;
				CLANG_WARN_OBJC_LITERAL_CONVERSION = YES;
				CLANG_WARN_OBJC_ROOT_CLASS = YES_ERROR;
				CLANG_WARN_RANGE_LOOP_ANALYSIS = YES;
				CLANG_WARN_STRICT_PROTOTYPES = YES;
				CLANG_WARN_SUSPICIOUS_MOVE = YES;
				CLANG_WARN_UNGUARDED_AVAILABILITY = YES_AGGRESSIVE;
				CLANG_WARN_UNREACHABLE_CODE = YES;
				CLANG_WARN__DUPLICATE_METHOD_MATCH = YES;
				CODE_SIGN_IDENTITY = "iPhone Developer";
				COPY_PHASE_STRIP = NO;
				DEBUG_INFORMATION_FORMAT = dwarf;
				ENABLE_STRICT_OBJC_MSGSEND = YES;
				ENABLE_TESTABILITY = YES;
				GCC_C_LANGUAGE_STANDARD = gnu11;
				GCC_DYNAMIC_NO_PIC = NO;
				GCC_NO_COMMON_BLOCKS = YES;
				GCC_OPTIMIZATION_LEVEL = 0;
				GCC_PREPROCESSOR_DEFINITIONS = (
					"DEBUG=1",
					"$(inherited)",
				);
				GCC_WARN_64_TO_32_BIT_CONVERSION = YES;
				GCC_WARN_ABOUT_RETURN_TYPE = YES_ERROR;
				GCC_WARN_UNDECLARED_SELECTOR = YES;
				GCC_WARN_UNINITIALIZED_AUTOS = YES_AGGRESSIVE;
				GCC_WARN_UNUSED_FUNCTION = YES;
				GCC_WARN_UNUSED_VARIABLE = YES;
				IPHONEOS_DEPLOYMENT_TARGET = 11.0;
				MTL_ENABLE_DEBUG_INFO = YES;
				ONLY_ACTIVE_ARCH = YES;
				SDKROOT = iphoneos;
				SWIFT_ACTIVE_COMPILATION_CONDITIONS = DEBUG;
				SWIFT_OPTIMIZATION_LEVEL = "-Onone";
			};
			name = Debug;
		};
		CE333A8C1FBA678C0007AB99 /* Release */ = {
			isa = XCBuildConfiguration;
			buildSettings = {
				ALWAYS_SEARCH_USER_PATHS = NO;
				CLANG_ANALYZER_NONNULL = YES;
				CLANG_ANALYZER_NUMBER_OBJECT_CONVERSION = YES_AGGRESSIVE;
				CLANG_CXX_LANGUAGE_STANDARD = "gnu++14";
				CLANG_CXX_LIBRARY = "libc++";
				CLANG_ENABLE_MODULES = YES;
				CLANG_ENABLE_OBJC_ARC = YES;
				CLANG_WARN_BLOCK_CAPTURE_AUTORELEASING = YES;
				CLANG_WARN_BOOL_CONVERSION = YES;
				CLANG_WARN_COMMA = YES;
				CLANG_WARN_CONSTANT_CONVERSION = YES;
				CLANG_WARN_DIRECT_OBJC_ISA_USAGE = YES_ERROR;
				CLANG_WARN_DOCUMENTATION_COMMENTS = YES;
				CLANG_WARN_EMPTY_BODY = YES;
				CLANG_WARN_ENUM_CONVERSION = YES;
				CLANG_WARN_INFINITE_RECURSION = YES;
				CLANG_WARN_INT_CONVERSION = YES;
				CLANG_WARN_NON_LITERAL_NULL_CONVERSION = YES;
				CLANG_WARN_OBJC_LITERAL_CONVERSION = YES;
				CLANG_WARN_OBJC_ROOT_CLASS = YES_ERROR;
				CLANG_WARN_RANGE_LOOP_ANALYSIS = YES;
				CLANG_WARN_STRICT_PROTOTYPES = YES;
				CLANG_WARN_SUSPICIOUS_MOVE = YES;
				CLANG_WARN_UNGUARDED_AVAILABILITY = YES_AGGRESSIVE;
				CLANG_WARN_UNREACHABLE_CODE = YES;
				CLANG_WARN__DUPLICATE_METHOD_MATCH = YES;
				CODE_SIGN_IDENTITY = "iPhone Developer";
				COPY_PHASE_STRIP = NO;
				DEBUG_INFORMATION_FORMAT = "dwarf-with-dsym";
				ENABLE_NS_ASSERTIONS = NO;
				ENABLE_STRICT_OBJC_MSGSEND = YES;
				GCC_C_LANGUAGE_STANDARD = gnu11;
				GCC_NO_COMMON_BLOCKS = YES;
				GCC_WARN_64_TO_32_BIT_CONVERSION = YES;
				GCC_WARN_ABOUT_RETURN_TYPE = YES_ERROR;
				GCC_WARN_UNDECLARED_SELECTOR = YES;
				GCC_WARN_UNINITIALIZED_AUTOS = YES_AGGRESSIVE;
				GCC_WARN_UNUSED_FUNCTION = YES;
				GCC_WARN_UNUSED_VARIABLE = YES;
				IPHONEOS_DEPLOYMENT_TARGET = 11.0;
				MTL_ENABLE_DEBUG_INFO = NO;
				SDKROOT = iphoneos;
				SWIFT_OPTIMIZATION_LEVEL = "-Owholemodule";
				VALIDATE_PRODUCT = YES;
			};
			name = Release;
		};
		CE333A8E1FBA678C0007AB99 /* Debug */ = {
			isa = XCBuildConfiguration;
			baseConfigurationReference = 77997791A4DAA9C13AF1B49F /* Pods-PowerPlant.debug.xcconfig */;
			buildSettings = {
				ASSETCATALOG_COMPILER_APPICON_NAME = AppIcon;
				CODE_SIGN_STYLE = Automatic;
				INFOPLIST_FILE = PowerPlant/Info.plist;
				LD_RUNPATH_SEARCH_PATHS = "$(inherited) @executable_path/Frameworks";
				PRODUCT_BUNDLE_IDENTIFIER = PlantTeam.PowerPlant;
				PRODUCT_NAME = "$(TARGET_NAME)";
				SWIFT_VERSION = 4.0;
				TARGETED_DEVICE_FAMILY = "1,2";
			};
			name = Debug;
		};
		CE333A8F1FBA678C0007AB99 /* Release */ = {
			isa = XCBuildConfiguration;
			baseConfigurationReference = 396B00DF80E48CA8628CEFA6 /* Pods-PowerPlant.release.xcconfig */;
			buildSettings = {
				ASSETCATALOG_COMPILER_APPICON_NAME = AppIcon;
				CODE_SIGN_STYLE = Automatic;
				INFOPLIST_FILE = PowerPlant/Info.plist;
				LD_RUNPATH_SEARCH_PATHS = "$(inherited) @executable_path/Frameworks";
				PRODUCT_BUNDLE_IDENTIFIER = PlantTeam.PowerPlant;
				PRODUCT_NAME = "$(TARGET_NAME)";
				SWIFT_VERSION = 4.0;
				TARGETED_DEVICE_FAMILY = "1,2";
			};
			name = Release;
		};
		CE333A911FBA678C0007AB99 /* Debug */ = {
			isa = XCBuildConfiguration;
			baseConfigurationReference = F1FFF7967F04C897F3FB6721 /* Pods-PowerPlantTests.debug.xcconfig */;
			buildSettings = {
				ALWAYS_EMBED_SWIFT_STANDARD_LIBRARIES = YES;
				BUNDLE_LOADER = "$(TEST_HOST)";
				CODE_SIGN_STYLE = Automatic;
				INFOPLIST_FILE = PowerPlantTests/Info.plist;
				LD_RUNPATH_SEARCH_PATHS = "$(inherited) @executable_path/Frameworks @loader_path/Frameworks";
				PRODUCT_BUNDLE_IDENTIFIER = PlantTeam.PowerPlantTests;
				PRODUCT_NAME = "$(TARGET_NAME)";
				SWIFT_VERSION = 4.0;
				TARGETED_DEVICE_FAMILY = "1,2";
				TEST_HOST = "$(BUILT_PRODUCTS_DIR)/PowerPlant.app/PowerPlant";
			};
			name = Debug;
		};
		CE333A921FBA678C0007AB99 /* Release */ = {
			isa = XCBuildConfiguration;
			baseConfigurationReference = D4DEF2CC35231AC86E2EE1FB /* Pods-PowerPlantTests.release.xcconfig */;
			buildSettings = {
				ALWAYS_EMBED_SWIFT_STANDARD_LIBRARIES = YES;
				BUNDLE_LOADER = "$(TEST_HOST)";
				CODE_SIGN_STYLE = Automatic;
				INFOPLIST_FILE = PowerPlantTests/Info.plist;
				LD_RUNPATH_SEARCH_PATHS = "$(inherited) @executable_path/Frameworks @loader_path/Frameworks";
				PRODUCT_BUNDLE_IDENTIFIER = PlantTeam.PowerPlantTests;
				PRODUCT_NAME = "$(TARGET_NAME)";
				SWIFT_VERSION = 4.0;
				TARGETED_DEVICE_FAMILY = "1,2";
				TEST_HOST = "$(BUILT_PRODUCTS_DIR)/PowerPlant.app/PowerPlant";
			};
			name = Release;
		};
		CE333A941FBA678C0007AB99 /* Debug */ = {
			isa = XCBuildConfiguration;
			baseConfigurationReference = B980217F08552B5716686B8D /* Pods-PowerPlantUITests.debug.xcconfig */;
			buildSettings = {
				ALWAYS_EMBED_SWIFT_STANDARD_LIBRARIES = YES;
				CODE_SIGN_STYLE = Automatic;
				INFOPLIST_FILE = PowerPlantUITests/Info.plist;
				LD_RUNPATH_SEARCH_PATHS = "$(inherited) @executable_path/Frameworks @loader_path/Frameworks";
				PRODUCT_BUNDLE_IDENTIFIER = PlantTeam.PowerPlantUITests;
				PRODUCT_NAME = "$(TARGET_NAME)";
				SWIFT_VERSION = 4.0;
				TARGETED_DEVICE_FAMILY = "1,2";
				TEST_TARGET_NAME = PowerPlant;
			};
			name = Debug;
		};
		CE333A951FBA678C0007AB99 /* Release */ = {
			isa = XCBuildConfiguration;
			baseConfigurationReference = DECDCC2B4E116C112B0E0FF2 /* Pods-PowerPlantUITests.release.xcconfig */;
			buildSettings = {
				ALWAYS_EMBED_SWIFT_STANDARD_LIBRARIES = YES;
				CODE_SIGN_STYLE = Automatic;
				INFOPLIST_FILE = PowerPlantUITests/Info.plist;
				LD_RUNPATH_SEARCH_PATHS = "$(inherited) @executable_path/Frameworks @loader_path/Frameworks";
				PRODUCT_BUNDLE_IDENTIFIER = PlantTeam.PowerPlantUITests;
				PRODUCT_NAME = "$(TARGET_NAME)";
				SWIFT_VERSION = 4.0;
				TARGETED_DEVICE_FAMILY = "1,2";
				TEST_TARGET_NAME = PowerPlant;
			};
			name = Release;
		};
/* End XCBuildConfiguration section */

/* Begin XCConfigurationList section */
		CE333A601FBA678B0007AB99 /* Build configuration list for PBXProject "PowerPlant" */ = {
			isa = XCConfigurationList;
			buildConfigurations = (
				CE333A8B1FBA678C0007AB99 /* Debug */,
				CE333A8C1FBA678C0007AB99 /* Release */,
			);
			defaultConfigurationIsVisible = 0;
			defaultConfigurationName = Release;
		};
		CE333A8D1FBA678C0007AB99 /* Build configuration list for PBXNativeTarget "PowerPlant" */ = {
			isa = XCConfigurationList;
			buildConfigurations = (
				CE333A8E1FBA678C0007AB99 /* Debug */,
				CE333A8F1FBA678C0007AB99 /* Release */,
			);
			defaultConfigurationIsVisible = 0;
			defaultConfigurationName = Release;
		};
		CE333A901FBA678C0007AB99 /* Build configuration list for PBXNativeTarget "PowerPlantTests" */ = {
			isa = XCConfigurationList;
			buildConfigurations = (
				CE333A911FBA678C0007AB99 /* Debug */,
				CE333A921FBA678C0007AB99 /* Release */,
			);
			defaultConfigurationIsVisible = 0;
			defaultConfigurationName = Release;
		};
		CE333A931FBA678C0007AB99 /* Build configuration list for PBXNativeTarget "PowerPlantUITests" */ = {
			isa = XCConfigurationList;
			buildConfigurations = (
				CE333A941FBA678C0007AB99 /* Debug */,
				CE333A951FBA678C0007AB99 /* Release */,
			);
			defaultConfigurationIsVisible = 0;
			defaultConfigurationName = Release;
		};
/* End XCConfigurationList section */
	};
	rootObject = CE333A5D1FBA678B0007AB99 /* Project object */;
}
